Microsoft Visual Studio Solution File, Format Version 11.00
# Visual Studio 2008

Project("{0CE077AD-E9AD-F671-8545-93355CC618F8}") = "Zompire", "Assembly-CSharp-firstpass.csproj", "{BFA4353F-762F-342C-62A1-30D8445FEDE7}"
EndProject
Project("{0CE077AD-E9AD-F671-8545-93355CC618F8}") = "Zompire", "Assembly-CSharp.csproj", "{3A740C9B-B3B4-0C2A-1337-23FCF2036C35}"
EndProject
Project("{0CE077AD-E9AD-F671-8545-93355CC618F8}") = "Zompire", "Assembly-UnityScript-firstpass.unityproj", "{0F95B2D8-796D-7C32-8527-0ED388E9345A}"
EndProject
Global
	GlobalSection(SolutionConfigurationPlatforms) = preSolution
		Debug|Any CPU = Debug|Any CPU
		Release|Any CPU = Release|Any CPU
	EndGlobalSection
	GlobalSection(ProjectConfigurationPlatforms) = postSolution
		{BFA4353F-762F-342C-62A1-30D8445FEDE7}.Debug|Any CPU.ActiveCfg = Debug|Any CPU
		{BFA4353F-762F-342C-62A1-30D8445FEDE7}.Debug|Any CPU.Build.0 = Debug|Any CPU
		{BFA4353F-762F-342C-62A1-30D8445FEDE7}.Release|Any CPU.ActiveCfg = Release|Any CPU
		{BFA4353F-762F-342C-62A1-30D8445FEDE7}.Release|Any CPU.Build.0 = Release|Any CPU
		{3A740C9B-B3B4-0C2A-1337-23FCF2036C35}.Debug|Any CPU.ActiveCfg = Debug|Any CPU
		{3A740C9B-B3B4-0C2A-1337-23FCF2036C35}.Debug|Any CPU.Build.0 = Debug|Any CPU
		{3A740C9B-B3B4-0C2A-1337-23FCF2036C35}.Release|Any CPU.ActiveCfg = Release|Any CPU
		{3A740C9B-B3B4-0C2A-1337-23FCF2036C35}.Release|Any CPU.Build.0 = Release|Any CPU
		{0F95B2D8-796D-7C32-8527-0ED388E9345A}.Debug|Any CPU.ActiveCfg = Debug|Any CPU
		{0F95B2D8-796D-7C32-8527-0ED388E9345A}.Debug|Any CPU.Build.0 = Debug|Any CPU
		{0F95B2D8-796D-7C32-8527-0ED388E9345A}.Release|Any CPU.ActiveCfg = Release|Any CPU
		{0F95B2D8-796D-7C32-8527-0ED388E9345A}.Release|Any CPU.Build.0 = Release|Any CPU
	EndGlobalSection
	GlobalSection(SolutionProperties) = preSolution
		HideSolutionNode = FALSE
	EndGlobalSection
																																					GlobalSection(MonoDevelopProperties) = preSolution
		StartupItem = Assembly-CSharp.csproj
		Policies = $0
		$0.TextStylePolicy = $1
		$1.inheritsSet = null
		$1.scope = text/x-csharp
		$0.CSharpFormattingPolicy = $2
		$2.inheritsSet = Mono
		$2.inheritsScope = text/x-csharp
		$2.scope = text/x-csharp
		$0.TextStylePolicy = $3
		$3.FileWidth = 120
		$3.TabWidth = 4
		$3.EolMarker = Unix
		$3.inheritsSet = Mono
		$3.inheritsScope = text/plain
		$3.scope = text/plain
	EndGlobalSection

EndGlobal
